
Microsoft Visual Studio Solution File, Format Version 12.00
# Visual Studio Version 17
VisualStudioVersion = 17.4.33205.214
MinimumVisualStudioVersion = 10.0.40219.1
Project("{8BC9CEB8-8B4A-11D0-8D11-00A0C91BC942}") = "BOJ_1233", "BOJ_1233.vcxproj", "{A617EE87-103D-47DE-8468-8B9974A2CE9D}"
EndProject
Global
	GlobalSection(SolutionConfigurationPlatforms) = preSolution
		Debug|x64 = Debug|x64
		Release|x64 = Release|x64
	EndGlobalSection
	GlobalSection(ProjectConfigurationPlatforms) = postSolution
		{A617EE87-103D-47DE-8468-8B9974A2CE9D}.Debug|x64.ActiveCfg = Debug|x64
		{A617EE87-103D-47DE-8468-8B9974A2CE9D}.Debug|x64.Build.0 = Debug|x64
		{A617EE87-103D-47DE-8468-8B9974A2CE9D}.Release|x64.ActiveCfg = Release|x64
		{A617EE87-103D-47DE-8468-8B9974A2CE9D}.Release|x64.Build.0 = Release|x64
	EndGlobalSection
	GlobalSection(SolutionProperties) = preSolution
		HideSolutionNode = FALSE
	EndGlobalSection
	GlobalSection(ExtensibilityGlobals) = postSolution
		SolutionGuid = {B329DFB7-7BC2-4AA2-AC68-E75AC22653A0}
	EndGlobalSection
EndGlobal
